
Microsoft Visual Studio Solution File, Format Version 12.00
# Visual Studio 15
VisualStudioVersion = 15.0.27428.2027
MinimumVisualStudioVersion = 10.0.40219.1
Project("{FAE04EC0-301F-11D3-BF4B-00C04F79EFBC}") = "oled", "oled\oled.csproj", "{40FA328E-71DA-462F-B673-63F7C88DDCE7}"
EndProject
Global
	GlobalSection(SolutionConfigurationPlatforms) = preSolution
		Debug|Any CPU = Debug|Any CPU
		Release|Any CPU = Release|Any CPU
	EndGlobalSection
	GlobalSection(ProjectConfigurationPlatforms) = postSolution
		{40FA328E-71DA-462F-B673-63F7C88DDCE7}.Debug|Any CPU.ActiveCfg = Debug|Any CPU
		{40FA328E-71DA-462F-B673-63F7C88DDCE7}.Debug|Any CPU.Build.0 = Debug|Any CPU
		{40FA328E-71DA-462F-B673-63F7C88DDCE7}.Release|Any CPU.ActiveCfg = Release|Any CPU
		{40FA328E-71DA-462F-B673-63F7C88DDCE7}.Release|Any CPU.Build.0 = Release|Any CPU
	EndGlobalSection
	GlobalSection(SolutionProperties) = preSolution
		HideSolutionNode = FALSE
	EndGlobalSection
	GlobalSection(ExtensibilityGlobals) = postSolution
		SolutionGuid = {03116B17-6290-4032-B816-879A00D7CCE6}
	EndGlobalSection
EndGlobal
